
Microsoft Visual Studio Solution File, Format Version 12.00
# Visual Studio Version 16
Project("{8BC9CEB8-8B4A-11D0-8D11-00A0C91BC942}") = "ALL_BUILD", "ALL_BUILD.vcxproj", "{62712105-53BD-31B8-992C-F9923653F60E}"
	ProjectSection(ProjectDependencies) = postProject
		{97775417-EF52-36B8-80EB-488C7829EC7A} = {97775417-EF52-36B8-80EB-488C7829EC7A}
		{D1FE522C-24E3-3883-BA63-55D58F104883} = {D1FE522C-24E3-3883-BA63-55D58F104883}
	EndProjectSection
EndProject
Project("{8BC9CEB8-8B4A-11D0-8D11-00A0C91BC942}") = "ZERO_CHECK", "ZERO_CHECK.vcxproj", "{97775417-EF52-36B8-80EB-488C7829EC7A}"
	ProjectSection(ProjectDependencies) = postProject
	EndProjectSection
EndProject
Project("{8BC9CEB8-8B4A-11D0-8D11-00A0C91BC942}") = "bench", "bench.vcxproj", "{D1FE522C-24E3-3883-BA63-55D58F104883}"
	ProjectSection(ProjectDependencies) = postProject
		{97775417-EF52-36B8-80EB-488C7829EC7A} = {97775417-EF52-36B8-80EB-488C7829EC7A}
	EndProjectSection
EndProject
Global
	GlobalSection(SolutionConfigurationPlatforms) = preSolution
		Debug|x64 = Debug|x64
		Release|x64 = Release|x64
		MinSizeRel|x64 = MinSizeRel|x64
		RelWithDebInfo|x64 = RelWithDebInfo|x64
	EndGlobalSection
	GlobalSection(ProjectConfigurationPlatforms) = postSolution
		{62712105-53BD-31B8-992C-F9923653F60E}.Debug|x64.ActiveCfg = Debug|x64
		{62712105-53BD-31B8-992C-F9923653F60E}.Release|x64.ActiveCfg = Release|x64
		{62712105-53BD-31B8-992C-F9923653F60E}.MinSizeRel|x64.ActiveCfg = MinSizeRel|x64
		{62712105-53BD-31B8-992C-F9923653F60E}.RelWithDebInfo|x64.ActiveCfg = RelWithDebInfo|x64
		{97775417-EF52-36B8-80EB-488C7829EC7A}.Debug|x64.ActiveCfg = Debug|x64
		{97775417-EF52-36B8-80EB-488C7829EC7A}.Debug|x64.Build.0 = Debug|x64
		{97775417-EF52-36B8-80EB-488C7829EC7A}.Release|x64.ActiveCfg = Release|x64
		{97775417-EF52-36B8-80EB-488C7829EC7A}.Release|x64.Build.0 = Release|x64
		{97775417-EF52-36B8-80EB-488C7829EC7A}.MinSizeRel|x64.ActiveCfg = MinSizeRel|x64
		{97775417-EF52-36B8-80EB-488C7829EC7A}.MinSizeRel|x64.Build.0 = MinSizeRel|x64
		{97775417-EF52-36B8-80EB-488C7829EC7A}.RelWithDebInfo|x64.ActiveCfg = RelWithDebInfo|x64
		{97775417-EF52-36B8-80EB-488C7829EC7A}.RelWithDebInfo|x64.Build.0 = RelWithDebInfo|x64
		{D1FE522C-24E3-3883-BA63-55D58F104883}.Debug|x64.ActiveCfg = Debug|x64
		{D1FE522C-24E3-3883-BA63-55D58F104883}.Debug|x64.Build.0 = Debug|x64
		{D1FE522C-24E3-3883-BA63-55D58F104883}.Release|x64.ActiveCfg = Release|x64
		{D1FE522C-24E3-3883-BA63-55D58F104883}.Release|x64.Build.0 = Release|x64
		{D1FE522C-24E3-3883-BA63-55D58F104883}.MinSizeRel|x64.ActiveCfg = MinSizeRel|x64
		{D1FE522C-24E3-3883-BA63-55D58F104883}.MinSizeRel|x64.Build.0 = MinSizeRel|x64
		{D1FE522C-24E3-3883-BA63-55D58F104883}.RelWithDebInfo|x64.ActiveCfg = RelWithDebInfo|x64
		{D1FE522C-24E3-3883-BA63-55D58F104883}.RelWithDebInfo|x64.Build.0 = RelWithDebInfo|x64
	EndGlobalSection
	GlobalSection(ExtensibilityGlobals) = postSolution
		SolutionGuid = {B9D4CC3A-1ACC-3A2B-9B01-5CE0908D4BF0}
	EndGlobalSection
	GlobalSection(ExtensibilityAddIns) = postSolution
	EndGlobalSection
EndGlobal
