<?xml version="1.0" encoding="utf-8"?>
<Project ToolsVersion="16.0" xmlns="http://schemas.microsoft.com/developer/msbuild/2003">
  <ItemGroup>
    <ClCompile Include="C:\HPCProject\HPC-Performance-Benchmark-Optimization\src\main.cpp">
      <Filter>Source Files</Filter>
    </ClCompile>
    <ClCompile Include="C:\HPCProject\HPC-Performance-Benchmark-Optimization\src\compute_bench.cpp">
      <Filter>Source Files</Filter>
    </ClCompile>
    <ClCompile Include="C:\HPCProject\HPC-Performance-Benchmark-Optimization\src\latency_bench.cpp">
      <Filter>Source Files</Filter>
    </ClCompile>
    <ClCompile Include="C:\HPCProject\HPC-Performance-Benchmark-Optimization\src\stream_sweep.cpp">
      <Filter>Source Files</Filter>
    </ClCompile>
    <ClCompile Include="C:\HPCProject\HPC-Performance-Benchmark-Optimization\src\sys_info.cpp">
      <Filter>Source Files</Filter>
    </ClCompile>
  </ItemGroup>
  <ItemGroup>
    <CustomBuild Include="C:\HPCProject\HPC-Performance-Benchmark-Optimization\CMakeLists.txt" />
  </ItemGroup>
  <ItemGroup>
    <Filter Include="Source Files">
      <UniqueIdentifier>{21A6789C-1DE6-3DBB-84EB-684DB03F0C17}</UniqueIdentifier>
    </Filter>
  </ItemGroup>
</Project>
