
Microsoft Visual Studio Solution File, Format Version 12.00
# Visual Studio Version 16
Project("{8BC9CEB8-8B4A-11D0-8D11-00A0C91BC942}") = "ALL_BUILD", "ALL_BUILD.vcxproj", "{E8DF395F-8D1C-3D64-BE8D-3FA309D8557C}"
	ProjectSection(ProjectDependencies) = postProject
		{584AC895-9653-38F5-8C9E-6DC6C48003A0} = {584AC895-9653-38F5-8C9E-6DC6C48003A0}
		{C6F13E05-0362-3A77-8996-FF117D6D8886} = {C6F13E05-0362-3A77-8996-FF117D6D8886}
	EndProjectSection
EndProject
Project("{8BC9CEB8-8B4A-11D0-8D11-00A0C91BC942}") = "ZERO_CHECK", "ZERO_CHECK.vcxproj", "{584AC895-9653-38F5-8C9E-6DC6C48003A0}"
	ProjectSection(ProjectDependencies) = postProject
	EndProjectSection
EndProject
Project("{8BC9CEB8-8B4A-11D0-8D11-00A0C91BC942}") = "bench", "bench.vcxproj", "{C6F13E05-0362-3A77-8996-FF117D6D8886}"
	ProjectSection(ProjectDependencies) = postProject
		{584AC895-9653-38F5-8C9E-6DC6C48003A0} = {584AC895-9653-38F5-8C9E-6DC6C48003A0}
	EndProjectSection
EndProject
Global
	GlobalSection(SolutionConfigurationPlatforms) = preSolution
		Debug|x64 = Debug|x64
		Release|x64 = Release|x64
		MinSizeRel|x64 = MinSizeRel|x64
		RelWithDebInfo|x64 = RelWithDebInfo|x64
	EndGlobalSection
	GlobalSection(ProjectConfigurationPlatforms) = postSolution
		{E8DF395F-8D1C-3D64-BE8D-3FA309D8557C}.Debug|x64.ActiveCfg = Debug|x64
		{E8DF395F-8D1C-3D64-BE8D-3FA309D8557C}.Release|x64.ActiveCfg = Release|x64
		{E8DF395F-8D1C-3D64-BE8D-3FA309D8557C}.MinSizeRel|x64.ActiveCfg = MinSizeRel|x64
		{E8DF395F-8D1C-3D64-BE8D-3FA309D8557C}.RelWithDebInfo|x64.ActiveCfg = RelWithDebInfo|x64
		{584AC895-9653-38F5-8C9E-6DC6C48003A0}.Debug|x64.ActiveCfg = Debug|x64
		{584AC895-9653-38F5-8C9E-6DC6C48003A0}.Debug|x64.Build.0 = Debug|x64
		{584AC895-9653-38F5-8C9E-6DC6C48003A0}.Release|x64.ActiveCfg = Release|x64
		{584AC895-9653-38F5-8C9E-6DC6C48003A0}.Release|x64.Build.0 = Release|x64
		{584AC895-9653-38F5-8C9E-6DC6C48003A0}.MinSizeRel|x64.ActiveCfg = MinSizeRel|x64
		{584AC895-9653-38F5-8C9E-6DC6C48003A0}.MinSizeRel|x64.Build.0 = MinSizeRel|x64
		{584AC895-9653-38F5-8C9E-6DC6C48003A0}.RelWithDebInfo|x64.ActiveCfg = RelWithDebInfo|x64
		{584AC895-9653-38F5-8C9E-6DC6C48003A0}.RelWithDebInfo|x64.Build.0 = RelWithDebInfo|x64
		{C6F13E05-0362-3A77-8996-FF117D6D8886}.Debug|x64.ActiveCfg = Debug|x64
		{C6F13E05-0362-3A77-8996-FF117D6D8886}.Debug|x64.Build.0 = Debug|x64
		{C6F13E05-0362-3A77-8996-FF117D6D8886}.Release|x64.ActiveCfg = Release|x64
		{C6F13E05-0362-3A77-8996-FF117D6D8886}.Release|x64.Build.0 = Release|x64
		{C6F13E05-0362-3A77-8996-FF117D6D8886}.MinSizeRel|x64.ActiveCfg = MinSizeRel|x64
		{C6F13E05-0362-3A77-8996-FF117D6D8886}.MinSizeRel|x64.Build.0 = MinSizeRel|x64
		{C6F13E05-0362-3A77-8996-FF117D6D8886}.RelWithDebInfo|x64.ActiveCfg = RelWithDebInfo|x64
		{C6F13E05-0362-3A77-8996-FF117D6D8886}.RelWithDebInfo|x64.Build.0 = RelWithDebInfo|x64
	EndGlobalSection
	GlobalSection(ExtensibilityGlobals) = postSolution
		SolutionGuid = {B64B18F9-5F1F-3AB1-B457-2151DD11D366}
	EndGlobalSection
	GlobalSection(ExtensibilityAddIns) = postSolution
	EndGlobalSection
EndGlobal
